
Microsoft Visual Studio Solution File, Format Version 12.00
# Visual Studio Version 17
VisualStudioVersion = 17.0.31903.59
MinimumVisualStudioVersion = 10.0.40219.1
Project("{2150E333-8FDC-42A3-9474-1A3956D46DE8}") = "src", "src", "{E5ED04FF-8099-4E1B-B073-3F23561D5404}"
EndProject
Project("{FAE04EC0-301F-11D3-BF4B-00C04F79EFBC}") = "FileFlow.App", "src\FileFlow.App\FileFlow.App.csproj", "{AAF96EB2-3247-451E-BC6E-711A7630C5AE}"
EndProject
Global
	GlobalSection(SolutionConfigurationPlatforms) = preSolution
		Debug|Any CPU = Debug|Any CPU
		Release|Any CPU = Release|Any CPU
	EndGlobalSection
	GlobalSection(SolutionProperties) = preSolution
		HideSolutionNode = FALSE
	EndGlobalSection
	GlobalSection(ProjectConfigurationPlatforms) = postSolution
		{AAF96EB2-3247-451E-BC6E-711A7630C5AE}.Debug|Any CPU.ActiveCfg = Debug|Any CPU
		{AAF96EB2-3247-451E-BC6E-711A7630C5AE}.Debug|Any CPU.Build.0 = Debug|Any CPU
		{AAF96EB2-3247-451E-BC6E-711A7630C5AE}.Release|Any CPU.ActiveCfg = Release|Any CPU
		{AAF96EB2-3247-451E-BC6E-711A7630C5AE}.Release|Any CPU.Build.0 = Release|Any CPU
	EndGlobalSection
	GlobalSection(NestedProjects) = preSolution
		{AAF96EB2-3247-451E-BC6E-711A7630C5AE} = {E5ED04FF-8099-4E1B-B073-3F23561D5404}
	EndGlobalSection
EndGlobal
